// !$*UTF8*$!
{
	archiveVersion = 1;
	classes = {
	};
	objectVersion = 50;
	objects = {

/* Begin PBXBuildFile section */
		783CFEF524E36A3700ADA43E /* AppDelegate.swift in Sources */ = {isa = PBXBuildFile; fileRef = 783CFEF424E36A3700ADA43E /* AppDelegate.swift */; };
		783CFEF724E36A3700ADA43E /* SceneDelegate.swift in Sources */ = {isa = PBXBuildFile; fileRef = 783CFEF624E36A3700ADA43E /* SceneDelegate.swift */; };
		783CFEF924E36A3700ADA43E /* ContentView.swift in Sources */ = {isa = PBXBuildFile; fileRef = 783CFEF824E36A3700ADA43E /* ContentView.swift */; };
		783CFEFB24E36A3800ADA43E /* Assets.xcassets in Resources */ = {isa = PBXBuildFile; fileRef = 783CFEFA24E36A3800ADA43E /* Assets.xcassets */; };
		783CFEFE24E36A3800ADA43E /* Preview Assets.xcassets in Resources */ = {isa = PBXBuildFile; fileRef = 783CFEFD24E36A3800ADA43E /* Preview Assets.xcassets */; };
		783CFF0124E36A3800ADA43E /* LaunchScreen.storyboard in Resources */ = {isa = PBXBuildFile; fileRef = 783CFEFF24E36A3800ADA43E /* LaunchScreen.storyboard */; };
		783CFF0A24E379AF00ADA43E /* Stack.swift in Sources */ = {isa = PBXBuildFile; fileRef = 783CFF0924E379AF00ADA43E /* Stack.swift */; };
		787EC42024E95B1200727B73 /* Queue.swift in Sources */ = {isa = PBXBuildFile; fileRef = 787EC41F24E95B1200727B73 /* Queue.swift */; };
		78C63BC525C05BBC003F646A /* InsertionSort.swift in Sources */ = {isa = PBXBuildFile; fileRef = 78C63BC425C05BBC003F646A /* InsertionSort.swift */; };
/* End PBXBuildFile section */

/* Begin PBXFileReference section */
		783CFEF124E36A3700ADA43E /* swiftAlgorithm.app */ = {isa = PBXFileReference; explicitFileType = wrapper.application; includeInIndex = 0; path = swiftAlgorithm.app; sourceTree = BUILT_PRODUCTS_DIR; };
		783CFEF424E36A3700ADA43E /* AppDelegate.swift */ = {isa = PBXFileReference; lastKnownFileType = sourcecode.swift; path = AppDelegate.swift; sourceTree = "<group>"; };
		783CFEF624E36A3700ADA43E /* SceneDelegate.swift */ = {isa = PBXFileReference; lastKnownFileType = sourcecode.swift; path = SceneDelegate.swift; sourceTree = "<group>"; };
		783CFEF824E36A3700ADA43E /* ContentView.swift */ = {isa = PBXFileReference; lastKnownFileType = sourcecode.swift; path = ContentView.swift; sourceTree = "<group>"; };
		783CFEFA24E36A3800ADA43E /* Assets.xcassets */ = {isa = PBXFileReference; lastKnownFileType = folder.assetcatalog; path = Assets.xcassets; sourceTree = "<group>"; };
		783CFEFD24E36A3800ADA43E /* Preview Assets.xcassets */ = {isa = PBXFileReference; lastKnownFileType = folder.assetcatalog; path = "Preview Assets.xcassets"; sourceTree = "<group>"; };
		783CFF0024E36A3800ADA43E /* Base */ = {isa = PBXFileReference; lastKnownFileType = file.storyboard; name = Base; path = Base.lproj/LaunchScreen.storyboard; sourceTree = "<group>"; };
		783CFF0224E36A3800ADA43E /* Info.plist */ = {isa = PBXFileReference; lastKnownFileType = text.plist.xml; path = Info.plist; sourceTree = "<group>"; };
		783CFF0924E379AF00ADA43E /* Stack.swift */ = {isa = PBXFileReference; lastKnownFileType = sourcecode.swift; path = Stack.swift; sourceTree = "<group>"; };
		787EC41F24E95B1200727B73 /* Queue.swift */ = {isa = PBXFileReference; lastKnownFileType = sourcecode.swift; path = Queue.swift; sourceTree = "<group>"; };
		78C63BC425C05BBC003F646A /* InsertionSort.swift */ = {isa = PBXFileReference; lastKnownFileType = sourcecode.swift; path = InsertionSort.swift; sourceTree = "<group>"; };
/* End PBXFileReference section */

/* Begin PBXFrameworksBuildPhase section */
		783CFEEE24E36A3700ADA43E /* Frameworks */ = {
			isa = PBXFrameworksBuildPhase;
			buildActionMask = 2147483647;
			files = (
			);
			runOnlyForDeploymentPostprocessing = 0;
		};
/* End PBXFrameworksBuildPhase section */

/* Begin PBXGroup section */
		783CFEE824E36A3700ADA43E = {
			isa = PBXGroup;
			children = (
				783CFEF324E36A3700ADA43E /* swiftAlgorithm */,
				783CFEF224E36A3700ADA43E /* Products */,
			);
			sourceTree = "<group>";
		};
		783CFEF224E36A3700ADA43E /* Products */ = {
			isa = PBXGroup;
			children = (
				783CFEF124E36A3700ADA43E /* swiftAlgorithm.app */,
			);
			name = Products;
			sourceTree = "<group>";
		};
		783CFEF324E36A3700ADA43E /* swiftAlgorithm */ = {
			isa = PBXGroup;
			children = (
				783CFF0824E379A700ADA43E /* Algorithm */,
				783CFEF424E36A3700ADA43E /* AppDelegate.swift */,
				783CFEF624E36A3700ADA43E /* SceneDelegate.swift */,
				783CFEF824E36A3700ADA43E /* ContentView.swift */,
				783CFEFA24E36A3800ADA43E /* Assets.xcassets */,
				783CFEFF24E36A3800ADA43E /* LaunchScreen.storyboard */,
				783CFF0224E36A3800ADA43E /* Info.plist */,
				783CFEFC24E36A3800ADA43E /* Preview Content */,
			);
			path = swiftAlgorithm;
			sourceTree = "<group>";
		};
		783CFEFC24E36A3800ADA43E /* Preview Content */ = {
			isa = PBXGroup;
			children = (
				783CFEFD24E36A3800ADA43E /* Preview Assets.xcassets */,
			);
			path = "Preview Content";
			sourceTree = "<group>";
		};
		783CFF0824E379A700ADA43E /* Algorithm */ = {
			isa = PBXGroup;
			children = (
				783CFF0924E379AF00ADA43E /* Stack.swift */,
				787EC41F24E95B1200727B73 /* Queue.swift */,
				78C63BC425C05BBC003F646A /* InsertionSort.swift */,
			);
			path = Algorithm;
			sourceTree = "<group>";
		};
/* End PBXGroup section */

/* Begin PBXNativeTarget section */
		783CFEF024E36A3700ADA43E /* swiftAlgorithm */ = {
			isa = PBXNativeTarget;
			buildConfigurationList = 783CFF0524E36A3800ADA43E /* Build configuration list for PBXNativeTarget "swiftAlgorithm" */;
			buildPhases = (
				783CFEED24E36A3700ADA43E /* Sources */,
				783CFEEE24E36A3700ADA43E /* Frameworks */,
				783CFEEF24E36A3700ADA43E /* Resources */,
			);
			buildRules = (
			);
			dependencies = (
			);
			name = swiftAlgorithm;
			productName = swiftAlgorithm;
			productReference = 783CFEF124E36A3700ADA43E /* swiftAlgorithm.app */;
			productType = "com.apple.product-type.application";
		};
/* End PBXNativeTarget section */

/* Begin PBXProject section */
		783CFEE924E36A3700ADA43E /* Project object */ = {
			isa = PBXProject;
			attributes = {
				LastSwiftUpdateCheck = 1160;
				LastUpgradeCheck = 1160;
				ORGANIZATIONNAME = hitit;
				TargetAttributes = {
					783CFEF024E36A3700ADA43E = {
						CreatedOnToolsVersion = 11.6;
					};
				};
			};
			buildConfigurationList = 783CFEEC24E36A3700ADA43E /* Build configuration list for PBXProject "swiftAlgorithm" */;
			compatibilityVersion = "Xcode 9.3";
			developmentRegion = en;
			hasScannedForEncodings = 0;
			knownRegions = (
				en,
				Base,
			);
			mainGroup = 783CFEE824E36A3700ADA43E;
			productRefGroup = 783CFEF224E36A3700ADA43E /* Products */;
			projectDirPath = "";
			projectRoot = "";
			targets = (
				783CFEF024E36A3700ADA43E /* swiftAlgorithm */,
			);
		};
/* End PBXProject section */

/* Begin PBXResourcesBuildPhase section */
		783CFEEF24E36A3700ADA43E /* Resources */ = {
			isa = PBXResourcesBuildPhase;
			buildActionMask = 2147483647;
			files = (
				783CFF0124E36A3800ADA43E /* LaunchScreen.storyboard in Resources */,
				783CFEFE24E36A3800ADA43E /* Preview Assets.xcassets in Resources */,
				783CFEFB24E36A3800ADA43E /* Assets.xcassets in Resources */,
			);
			runOnlyForDeploymentPostprocessing = 0;
		};
/* End PBXResourcesBuildPhase section */

/* Begin PBXSourcesBuildPhase section */
		783CFEED24E36A3700ADA43E /* Sources */ = {
			isa = PBXSourcesBuildPhase;
			buildActionMask = 2147483647;
			files = (
				787EC42024E95B1200727B73 /* Queue.swift in Sources */,
				783CFF0A24E379AF00ADA43E /* Stack.swift in Sources */,
				783CFEF524E36A3700ADA43E /* AppDelegate.swift in Sources */,
				78C63BC525C05BBC003F646A /* InsertionSort.swift in Sources */,
				783CFEF724E36A3700ADA43E /* SceneDelegate.swift in Sources */,
				783CFEF924E36A3700ADA43E /* ContentView.swift in Sources */,
			);
			runOnlyForDeploymentPostprocessing = 0;
		};
/* End PBXSourcesBuildPhase section */

/* Begin PBXVariantGroup section */
		783CFEFF24E36A3800ADA43E /* LaunchScreen.storyboard */ = {
			isa = PBXVariantGroup;
			children = (
				783CFF0024E36A3800ADA43E /* Base */,
			);
			name = LaunchScreen.storyboard;
			sourceTree = "<group>";
		};
/* End PBXVariantGroup section */

/* Begin XCBuildConfiguration section */
		783CFF0324E36A3800ADA43E /* Debug */ = {
			isa = XCBuildConfiguration;
			buildSettings = {
				ALWAYS_SEARCH_USER_PATHS = NO;
				CLANG_ANALYZER_NONNULL = YES;
				CLANG_ANALYZER_NUMBER_OBJECT_CONVERSION = YES_AGGRESSIVE;
				CLANG_CXX_LANGUAGE_STANDARD = "gnu++14";
				CLANG_CXX_LIBRARY = "libc++";
				CLANG_ENABLE_MODULES = YES;
				CLANG_ENABLE_OBJC_ARC = YES;
				CLANG_ENABLE_OBJC_WEAK = YES;
				CLANG_WARN_BLOCK_CAPTURE_AUTORELEASING = YES;
				CLANG_WARN_BOOL_CONVERSION = YES;
				CLANG_WARN_COMMA = YES;
				CLANG_WARN_CONSTANT_CONVERSION = YES;
				CLANG_WARN_DEPRECATED_OBJC_IMPLEMENTATIONS = YES;
				CLANG_WARN_DIRECT_OBJC_ISA_USAGE = YES_ERROR;
				CLANG_WARN_DOCUMENTATION_COMMENTS = YES;
				CLANG_WARN_EMPTY_BODY = YES;
				CLANG_WARN_ENUM_CONVERSION = YES;
				CLANG_WARN_INFINITE_RECURSION = YES;
				CLANG_WARN_INT_CONVERSION = YES;
				CLANG_WARN_NON_LITERAL_NULL_CONVERSION = YES;
				CLANG_WARN_OBJC_IMPLICIT_RETAIN_SELF = YES;
				CLANG_WARN_OBJC_LITERAL_CONVERSION = YES;
				CLANG_WARN_OBJC_ROOT_CLASS = YES_ERROR;
				CLANG_WARN_RANGE_LOOP_ANALYSIS = YES;
				CLANG_WARN_STRICT_PROTOTYPES = YES;
				CLANG_WARN_SUSPICIOUS_MOVE = YES;
				CLANG_WARN_UNGUARDED_AVAILABILITY = YES_AGGRESSIVE;
				CLANG_WARN_UNREACHABLE_CODE = YES;
				CLANG_WARN__DUPLICATE_METHOD_MATCH = YES;
				COPY_PHASE_STRIP = NO;
				DEBUG_INFORMATION_FORMAT = dwarf;
				ENABLE_STRICT_OBJC_MSGSEND = YES;
				ENABLE_TESTABILITY = YES;
				GCC_C_LANGUAGE_STANDARD = gnu11;
				GCC_DYNAMIC_NO_PIC = NO;
				GCC_NO_COMMON_BLOCKS = YES;
				GCC_OPTIMIZATION_LEVEL = 0;
				GCC_PREPROCESSOR_DEFINITIONS = (
					"DEBUG=1",
					"$(inherited)",
				);
				GCC_WARN_64_TO_32_BIT_CONVERSION = YES;
				GCC_WARN_ABOUT_RETURN_TYPE = YES_ERROR;
				GCC_WARN_UNDECLARED_SELECTOR = YES;
				GCC_WARN_UNINITIALIZED_AUTOS = YES_AGGRESSIVE;
				GCC_WARN_UNUSED_FUNCTION = YES;
				GCC_WARN_UNUSED_VARIABLE = YES;
				IPHONEOS_DEPLOYMENT_TARGET = 13.6;
				MTL_ENABLE_DEBUG_INFO = INCLUDE_SOURCE;
				MTL_FAST_MATH = YES;
				ONLY_ACTIVE_ARCH = YES;
				SDKROOT = iphoneos;
				SWIFT_ACTIVE_COMPILATION_CONDITIONS = DEBUG;
				SWIFT_OPTIMIZATION_LEVEL = "-Onone";
			};
			name = Debug;
		};
		783CFF0424E36A3800ADA43E /* Release */ = {
			isa = XCBuildConfiguration;
			buildSettings = {
				ALWAYS_SEARCH_USER_PATHS = NO;
				CLANG_ANALYZER_NONNULL = YES;
				CLANG_ANALYZER_NUMBER_OBJECT_CONVERSION = YES_AGGRESSIVE;
				CLANG_CXX_LANGUAGE_STANDARD = "gnu++14";
				CLANG_CXX_LIBRARY = "libc++";
				CLANG_ENABLE_MODULES = YES;
				CLANG_ENABLE_OBJC_ARC = YES;
				CLANG_ENABLE_OBJC_WEAK = YES;
				CLANG_WARN_BLOCK_CAPTURE_AUTORELEASING = YES;
				CLANG_WARN_BOOL_CONVERSION = YES;
				CLANG_WARN_COMMA = YES;
				CLANG_WARN_CONSTANT_CONVERSION = YES;
				CLANG_WARN_DEPRECATED_OBJC_IMPLEMENTATIONS = YES;
				CLANG_WARN_DIRECT_OBJC_ISA_USAGE = YES_ERROR;
				CLANG_WARN_DOCUMENTATION_COMMENTS = YES;
				CLANG_WARN_EMPTY_BODY = YES;
				CLANG_WARN_ENUM_CONVERSION = YES;
				CLANG_WARN_INFINITE_RECURSION = YES;
				CLANG_WARN_INT_CONVERSION = YES;
				CLANG_WARN_NON_LITERAL_NULL_CONVERSION = YES;
				CLANG_WARN_OBJC_IMPLICIT_RETAIN_SELF = YES;
				CLANG_WARN_OBJC_LITERAL_CONVERSION = YES;
				CLANG_WARN_OBJC_ROOT_CLASS = YES_ERROR;
				CLANG_WARN_RANGE_LOOP_ANALYSIS = YES;
				CLANG_WARN_STRICT_PROTOTYPES = YES;
				CLANG_WARN_SUSPICIOUS_MOVE = YES;
				CLANG_WARN_UNGUARDED_AVAILABILITY = YES_AGGRESSIVE;
				CLANG_WARN_UNREACHABLE_CODE = YES;
				CLANG_WARN__DUPLICATE_METHOD_MATCH = YES;
				COPY_PHASE_STRIP = NO;
				DEBUG_INFORMATION_FORMAT = "dwarf-with-dsym";
				ENABLE_NS_ASSERTIONS = NO;
				ENABLE_STRICT_OBJC_MSGSEND = YES;
				GCC_C_LANGUAGE_STANDARD = gnu11;
				GCC_NO_COMMON_BLOCKS = YES;
				GCC_WARN_64_TO_32_BIT_CONVERSION = YES;
				GCC_WARN_ABOUT_RETURN_TYPE = YES_ERROR;
				GCC_WARN_UNDECLARED_SELECTOR = YES;
				GCC_WARN_UNINITIALIZED_AUTOS = YES_AGGRESSIVE;
				GCC_WARN_UNUSED_FUNCTION = YES;
				GCC_WARN_UNUSED_VARIABLE = YES;
				IPHONEOS_DEPLOYMENT_TARGET = 13.6;
				MTL_ENABLE_DEBUG_INFO = NO;
				MTL_FAST_MATH = YES;
				SDKROOT = iphoneos;
				SWIFT_COMPILATION_MODE = wholemodule;
				SWIFT_OPTIMIZATION_LEVEL = "-O";
				VALIDATE_PRODUCT = YES;
			};
			name = Release;
		};
		783CFF0624E36A3800ADA43E /* Debug */ = {
			isa = XCBuildConfiguration;
			buildSettings = {
				ASSETCATALOG_COMPILER_APPICON_NAME = AppIcon;
				CODE_SIGN_STYLE = Automatic;
				DEVELOPMENT_ASSET_PATHS = "\"swiftAlgorithm/Preview Content\"";
				DEVELOPMENT_TEAM = F3X4RKDCVH;
				ENABLE_PREVIEWS = YES;
				INFOPLIST_FILE = swiftAlgorithm/Info.plist;
				LD_RUNPATH_SEARCH_PATHS = (
					"$(inherited)",
					"@executable_path/Frameworks",
				);
				PRODUCT_BUNDLE_IDENTIFIER = hitit.swiftAlgorithm;
				PRODUCT_NAME = "$(TARGET_NAME)";
				SWIFT_VERSION = 5.0;
				TARGETED_DEVICE_FAMILY = "1,2";
			};
			name = Debug;
		};
		783CFF0724E36A3800ADA43E /* Release */ = {
			isa = XCBuildConfiguration;
			buildSettings = {
				ASSETCATALOG_COMPILER_APPICON_NAME = AppIcon;
				CODE_SIGN_STYLE = Automatic;
				DEVELOPMENT_ASSET_PATHS = "\"swiftAlgorithm/Preview Content\"";
				DEVELOPMENT_TEAM = F3X4RKDCVH;
				ENABLE_PREVIEWS = YES;
				INFOPLIST_FILE = swiftAlgorithm/Info.plist;
				LD_RUNPATH_SEARCH_PATHS = (
					"$(inherited)",
					"@executable_path/Frameworks",
				);
				PRODUCT_BUNDLE_IDENTIFIER = hitit.swiftAlgorithm;
				PRODUCT_NAME = "$(TARGET_NAME)";
				SWIFT_VERSION = 5.0;
				TARGETED_DEVICE_FAMILY = "1,2";
			};
			name = Release;
		};
/* End XCBuildConfiguration section */

/* Begin XCConfigurationList section */
		783CFEEC24E36A3700ADA43E /* Build configuration list for PBXProject "swiftAlgorithm" */ = {
			isa = XCConfigurationList;
			buildConfigurations = (
				783CFF0324E36A3800ADA43E /* Debug */,
				783CFF0424E36A3800ADA43E /* Release */,
			);
			defaultConfigurationIsVisible = 0;
			defaultConfigurationName = Release;
		};
		783CFF0524E36A3800ADA43E /* Build configuration list for PBXNativeTarget "swiftAlgorithm" */ = {
			isa = XCConfigurationList;
			buildConfigurations = (
				783CFF0624E36A3800ADA43E /* Debug */,
				783CFF0724E36A3800ADA43E /* Release */,
			);
			defaultConfigurationIsVisible = 0;
			defaultConfigurationName = Release;
		};
/* End XCConfigurationList section */
	};
	rootObject = 783CFEE924E36A3700ADA43E /* Project object */;
}
